
Microsoft Visual Studio Solution File, Format Version 12.00
Project("{FAE04EC0-301F-11D3-BF4B-00C04F79EFBC}") = "Projeli.WikiService.Api", "Projeli.WikiService.Api\Projeli.WikiService.Api.csproj", "{F647E237-68C3-459F-BA72-5704B852C09D}"
EndProject
Project("{FAE04EC0-301F-11D3-BF4B-00C04F79EFBC}") = "Projeli.WikiService.Domain", "Projeli.WikiService.Domain\Projeli.WikiService.Domain.csproj", "{ABD29346-F2AB-4A22-A93A-D756C4C528EC}"
EndProject
Project("{FAE04EC0-301F-11D3-BF4B-00C04F79EFBC}") = "Projeli.WikiService.Infrastructure", "Projeli.WikiService.Infrastructure\Projeli.WikiService.Infrastructure.csproj", "{394B2DE1-24AA-405C-A842-24CE75BC9988}"
EndProject
Project("{FAE04EC0-301F-11D3-BF4B-00C04F79EFBC}") = "Projeli.WikiService.Application", "Projeli.WikiService.Application\Projeli.WikiService.Application.csproj", "{89F08B9C-0B65-44DF-9988-5CEAB58D7B33}"
EndProject
Project("{FAE04EC0-301F-11D3-BF4B-00C04F79EFBC}") = "Projeli.Shared.Domain", "..\shared\Projeli.Shared.Domain\Projeli.Shared.Domain.csproj", "{0AF99E24-C3C4-4147-84A2-BD71F6ED3E07}"
EndProject
Project("{FAE04EC0-301F-11D3-BF4B-00C04F79EFBC}") = "Projeli.Shared.Application", "..\shared\Projeli.Shared.Application\Projeli.Shared.Application.csproj", "{4628BA79-394D-43B4-9BC4-E889DD0F2077}"
EndProject
Project("{FAE04EC0-301F-11D3-BF4B-00C04F79EFBC}") = "Projeli.Shared.Infrastructure", "..\shared\Projeli.Shared.Infrastructure\Projeli.Shared.Infrastructure.csproj", "{6FD50D18-175B-4C5A-84E1-58F82AAD6380}"
EndProject
Global
	GlobalSection(SolutionConfigurationPlatforms) = preSolution
		Debug|Any CPU = Debug|Any CPU
		Release|Any CPU = Release|Any CPU
	EndGlobalSection
	GlobalSection(ProjectConfigurationPlatforms) = postSolution
		{F647E237-68C3-459F-BA72-5704B852C09D}.Debug|Any CPU.ActiveCfg = Debug|Any CPU
		{F647E237-68C3-459F-BA72-5704B852C09D}.Debug|Any CPU.Build.0 = Debug|Any CPU
		{F647E237-68C3-459F-BA72-5704B852C09D}.Release|Any CPU.ActiveCfg = Release|Any CPU
		{F647E237-68C3-459F-BA72-5704B852C09D}.Release|Any CPU.Build.0 = Release|Any CPU
		{ABD29346-F2AB-4A22-A93A-D756C4C528EC}.Debug|Any CPU.ActiveCfg = Debug|Any CPU
		{ABD29346-F2AB-4A22-A93A-D756C4C528EC}.Debug|Any CPU.Build.0 = Debug|Any CPU
		{ABD29346-F2AB-4A22-A93A-D756C4C528EC}.Release|Any CPU.ActiveCfg = Release|Any CPU
		{ABD29346-F2AB-4A22-A93A-D756C4C528EC}.Release|Any CPU.Build.0 = Release|Any CPU
		{394B2DE1-24AA-405C-A842-24CE75BC9988}.Debug|Any CPU.ActiveCfg = Debug|Any CPU
		{394B2DE1-24AA-405C-A842-24CE75BC9988}.Debug|Any CPU.Build.0 = Debug|Any CPU
		{394B2DE1-24AA-405C-A842-24CE75BC9988}.Release|Any CPU.ActiveCfg = Release|Any CPU
		{394B2DE1-24AA-405C-A842-24CE75BC9988}.Release|Any CPU.Build.0 = Release|Any CPU
		{89F08B9C-0B65-44DF-9988-5CEAB58D7B33}.Debug|Any CPU.ActiveCfg = Debug|Any CPU
		{89F08B9C-0B65-44DF-9988-5CEAB58D7B33}.Debug|Any CPU.Build.0 = Debug|Any CPU
		{89F08B9C-0B65-44DF-9988-5CEAB58D7B33}.Release|Any CPU.ActiveCfg = Release|Any CPU
		{89F08B9C-0B65-44DF-9988-5CEAB58D7B33}.Release|Any CPU.Build.0 = Release|Any CPU
		{0AF99E24-C3C4-4147-84A2-BD71F6ED3E07}.Debug|Any CPU.ActiveCfg = Debug|Any CPU
		{0AF99E24-C3C4-4147-84A2-BD71F6ED3E07}.Debug|Any CPU.Build.0 = Debug|Any CPU
		{0AF99E24-C3C4-4147-84A2-BD71F6ED3E07}.Release|Any CPU.ActiveCfg = Release|Any CPU
		{0AF99E24-C3C4-4147-84A2-BD71F6ED3E07}.Release|Any CPU.Build.0 = Release|Any CPU
		{4628BA79-394D-43B4-9BC4-E889DD0F2077}.Debug|Any CPU.ActiveCfg = Debug|Any CPU
		{4628BA79-394D-43B4-9BC4-E889DD0F2077}.Debug|Any CPU.Build.0 = Debug|Any CPU
		{4628BA79-394D-43B4-9BC4-E889DD0F2077}.Release|Any CPU.ActiveCfg = Release|Any CPU
		{4628BA79-394D-43B4-9BC4-E889DD0F2077}.Release|Any CPU.Build.0 = Release|Any CPU
		{6FD50D18-175B-4C5A-84E1-58F82AAD6380}.Debug|Any CPU.ActiveCfg = Debug|Any CPU
		{6FD50D18-175B-4C5A-84E1-58F82AAD6380}.Debug|Any CPU.Build.0 = Debug|Any CPU
		{6FD50D18-175B-4C5A-84E1-58F82AAD6380}.Release|Any CPU.ActiveCfg = Release|Any CPU
		{6FD50D18-175B-4C5A-84E1-58F82AAD6380}.Release|Any CPU.Build.0 = Release|Any CPU
	EndGlobalSection
EndGlobal
